
Microsoft Visual Studio Solution File, Format Version 12.00
# Visual Studio Version 17
VisualStudioVersion = 17.5.002.0
MinimumVisualStudioVersion = 10.0.40219.1
Project("{9A19103F-16F7-4668-BE54-9A1E7A4F7556}") = "F1", "F1.csproj", "{F8273AB5-6067-4BD2-A7FB-BE9361EE296C}"
EndProject
Global
	GlobalSection(SolutionConfigurationPlatforms) = preSolution
		Debug|Any CPU = Debug|Any CPU
		Release|Any CPU = Release|Any CPU
	EndGlobalSection
	GlobalSection(ProjectConfigurationPlatforms) = postSolution
		{F8273AB5-6067-4BD2-A7FB-BE9361EE296C}.Debug|Any CPU.ActiveCfg = Debug|Any CPU
		{F8273AB5-6067-4BD2-A7FB-BE9361EE296C}.Debug|Any CPU.Build.0 = Debug|Any CPU
		{F8273AB5-6067-4BD2-A7FB-BE9361EE296C}.Release|Any CPU.ActiveCfg = Release|Any CPU
		{F8273AB5-6067-4BD2-A7FB-BE9361EE296C}.Release|Any CPU.Build.0 = Release|Any CPU
	EndGlobalSection
	GlobalSection(SolutionProperties) = preSolution
		HideSolutionNode = FALSE
	EndGlobalSection
	GlobalSection(ExtensibilityGlobals) = postSolution
		SolutionGuid = {870FA02F-F419-46CB-923F-A1C91FBA8F71}
	EndGlobalSection
EndGlobal
